
Microsoft Visual Studio Solution File, Format Version 12.00
# Visual Studio Version 17
VisualStudioVersion = 17.1.32421.90
MinimumVisualStudioVersion = 10.0.40219.1
Project("{2150E333-8FDC-42A3-9474-1A3956D46DE8}") = "iIdentity", "iIdentity", "{029EC8B8-6977-48C4-8DBA-1482C427078E}"
EndProject
Project("{2150E333-8FDC-42A3-9474-1A3956D46DE8}") = "S22E01", "S22E01", "{C50A5BAE-F3BA-4481-A8A9-60877F3CF40B}"
EndProject
Project("{2150E333-8FDC-42A3-9474-1A3956D46DE8}") = "S23E06", "S23E06", "{C15A7629-7A27-4B3C-B645-43C2C3B4C028}"
EndProject
Project("{2150E333-8FDC-42A3-9474-1A3956D46DE8}") = "S24E19", "S24E19", "{FB12F17B-D577-4DB4-9170-7B1C07C7FE47}"
EndProject
Project("{9A19103F-16F7-4668-BE54-9A1E7A4F7556}") = "iIdentity.S22E01.Samples.MVC", "iIdentity\S22E01\iIdentity.S22E01.Samples.MVC\iIdentity.S22E01.Samples.MVC.csproj", "{FFFFA322-F10D-4D8A-B48B-D11C3BB35780}"
EndProject
Project("{9A19103F-16F7-4668-BE54-9A1E7A4F7556}") = "iIdentity.S23E06.AuthNAuthZ", "iIdentity\S23E06\iIdentity.S23E06.AuthNAuthZ\iIdentity.S23E06.AuthNAuthZ.csproj", "{06A80065-6432-41CD-AB1E-2585D29CBD55}"
EndProject
Project("{9A19103F-16F7-4668-BE54-9A1E7A4F7556}") = "iIdentity.S24E19.FirstAPI", "iIdentity\S24E19\iIdentity.S24E19.FirstAPI\iIdentity.S24E19.FirstAPI.csproj", "{3FD18CBD-A841-4F36-85EB-E4737459D945}"
EndProject
Project("{9A19103F-16F7-4668-BE54-9A1E7A4F7556}") = "iIdentity.S24E19.FirstClient", "iIdentity\S24E19\iIdentity.S24E19.FirstClient\iIdentity.S24E19.FirstClient.csproj", "{894C3A60-843A-476D-889F-B420759CC809}"
EndProject
Project("{9A19103F-16F7-4668-BE54-9A1E7A4F7556}") = "iIdentity.S24E19.IdentityServer", "iIdentity\S24E19\iIdentity.S24E19.IdentityServer\iIdentity.S24E19.IdentityServer.csproj", "{1333F706-DA16-4ED0-A15E-BD05C8FBA478}"
EndProject
Project("{9A19103F-16F7-4668-BE54-9A1E7A4F7556}") = "iIdentity.S24E19.MvcClient", "iIdentity\S24E19\iIdentity.S24E19.MvcClient\iIdentity.S24E19.MvcClient.csproj", "{7E6EDD09-F1A3-4D54-927E-982044B2A373}"
EndProject
Project("{2150E333-8FDC-42A3-9474-1A3956D46DE8}") = "iSecurity", "iSecurity", "{B9DC976C-85F0-4F3C-8164-346688E53519}"
EndProject
Project("{2150E333-8FDC-42A3-9474-1A3956D46DE8}") = "S21E01", "S21E01", "{8182EDCB-A81B-4BC0-B721-7409467C8DE3}"
EndProject
Project("{2150E333-8FDC-42A3-9474-1A3956D46DE8}") = "01. SSL", "01. SSL", "{6FC27039-263C-4D7F-B456-327488F9C190}"
EndProject
Project("{9A19103F-16F7-4668-BE54-9A1E7A4F7556}") = "iSecurity.SSL", "iSecurity\S21E01\01. SSL\iSecurity.SSL\iSecurity.SSL.csproj", "{7E43D364-9602-4583-9D76-1BCA2D1EDED2}"
EndProject
Project("{2150E333-8FDC-42A3-9474-1A3956D46DE8}") = "02. SqlInjection", "02. SqlInjection", "{ED556648-56C1-42DD-B188-E31667053E44}"
EndProject
Project("{9A19103F-16F7-4668-BE54-9A1E7A4F7556}") = "iSecurity.SqlInjection", "iSecurity\S21E01\02. SqlInjection\iSecurity.SqlInjection\iSecurity.SqlInjection.csproj", "{75500A40-9323-4A0C-A691-F61CD5A1C620}"
EndProject
Project("{2150E333-8FDC-42A3-9474-1A3956D46DE8}") = "03. CSRF", "03. CSRF", "{2316D7A9-3EC0-4484-B16F-318A46E6B0DF}"
EndProject
Project("{9A19103F-16F7-4668-BE54-9A1E7A4F7556}") = "iSecurity.CSRF.BadSite", "iSecurity\S21E01\03. CSRF\iSecurity.CSRF.BadSite\iSecurity.CSRF.BadSite.csproj", "{F056962E-7239-4B16-946F-001E7D1AFE30}"
EndProject
Project("{9A19103F-16F7-4668-BE54-9A1E7A4F7556}") = "iSecurity.CSRF.GoodSite", "iSecurity\S21E01\03. CSRF\iSecurity.CSRF.GoodSite\iSecurity.CSRF.GoodSite.csproj", "{E53973F4-EA32-4447-B67F-60D3C4FC4EB1}"
EndProject
Project("{2150E333-8FDC-42A3-9474-1A3956D46DE8}") = "04. XSS", "04. XSS", "{A5D7D178-7EA1-4181-AF98-3914AE9A012D}"
EndProject
Project("{9A19103F-16F7-4668-BE54-9A1E7A4F7556}") = "iSecurity.XSS", "iSecurity\S21E01\04. XSS\iSecurity.XSS\iSecurity.XSS.csproj", "{52FD8A5A-C10A-4C01-8465-5E2ED2C6DD6B}"
EndProject
Project("{2150E333-8FDC-42A3-9474-1A3956D46DE8}") = "05. OpenRedirection", "05. OpenRedirection", "{5C059152-D3B5-4B67-BE40-4DEA7B6C6100}"
EndProject
Project("{9A19103F-16F7-4668-BE54-9A1E7A4F7556}") = "iSecurity.BadOpenRedirection", "iSecurity\S21E01\05. OpenRedirection\iSecurity.BadOpenRedirection\iSecurity.BadOpenRedirection.csproj", "{DD9B4106-C42D-4E11-9667-99D24F0147F5}"
EndProject
Project("{9A19103F-16F7-4668-BE54-9A1E7A4F7556}") = "iSecurity.GoodOpenRedirection", "iSecurity\S21E01\05. OpenRedirection\iSecurity.GoodOpenRedirection\iSecurity.GoodOpenRedirection.csproj", "{FF468664-3592-4909-8F92-B35DBBBC26DB}"
EndProject
Project("{2150E333-8FDC-42A3-9474-1A3956D46DE8}") = "06. CORS", "06. CORS", "{F4CEF423-A5E9-4FDB-90E9-503F3C905CA5}"
EndProject
Project("{9A19103F-16F7-4668-BE54-9A1E7A4F7556}") = "iSecurity.CORS", "iSecurity\S21E01\06. CORS\iSecurity.CORS\iSecurity.CORS.csproj", "{E8004F42-3CFF-4227-AEC4-54343ED72C55}"
EndProject
Project("{2150E333-8FDC-42A3-9474-1A3956D46DE8}") = "iUdemy.ASP.NETCore6.MVC.Blazor.Razor.EF", "iUdemy.ASP.NETCore6.MVC.Blazor.Razor.EF", "{4660C095-B1E8-4508-AAE0-A3A23A0C55FA}"
EndProject
Project("{2150E333-8FDC-42A3-9474-1A3956D46DE8}") = "WebAPI", "WebAPI", "{09E8E431-90A6-42A4-9FBE-AA79D11D0AD8}"
EndProject
Project("{9A19103F-16F7-4668-BE54-9A1E7A4F7556}") = "WebAPI", "Udemy.ASP.NETCore6.MVC.Blazor.Razor.EF\WebAPI\WebAPI.csproj", "{AE36F0E3-2443-4CDE-9D03-5FA7AC2D9F60}"
EndProject
Project("{2150E333-8FDC-42A3-9474-1A3956D46DE8}") = "IdentityApp", "IdentityApp", "{CD083C2A-275B-497B-8032-D338385F98A0}"
EndProject
Project("{9A19103F-16F7-4668-BE54-9A1E7A4F7556}") = "IdentityApp", "Udemy.ASP.NETCore6.MVC.Blazor.Razor.EF\IdentityApp\IdentityApp.csproj", "{A2241B7E-19E2-4CE3-AE75-6F6EA59DCDC3}"
EndProject
Project("{2150E333-8FDC-42A3-9474-1A3956D46DE8}") = "MinimalShoppingListAPI", "MinimalShoppingListAPI", "{5085559C-0C83-43EB-BEAC-E078D408E5F9}"
EndProject
Project("{9A19103F-16F7-4668-BE54-9A1E7A4F7556}") = "MinimalShoppingListAPI", "Udemy.ASP.NETCore6.MVC.Blazor.Razor.EF\MinimalShoppingListAPI\MinimalShoppingListAPI.csproj", "{80373FBC-5F64-491E-8A59-4E00D4424C03}"
EndProject
Project("{2150E333-8FDC-42A3-9474-1A3956D46DE8}") = "iUdemy.Secure.NET.Microservices.IdentityServer4", "iUdemy.Secure.NET.Microservices.IdentityServer4", "{90E4AC61-F1E0-4DE0-9D0C-A2FE91E11408}"
EndProject
Project("{9A19103F-16F7-4668-BE54-9A1E7A4F7556}") = "Movies.API", "iIdentity\iUdemy.Secure.NET.Microservices.IdentityServer4\Movies.API\Movies.API.csproj", "{39E15F61-1BDC-493A-B338-8B67B1CBB679}"
EndProject
Project("{9A19103F-16F7-4668-BE54-9A1E7A4F7556}") = "IdentityServer", "iIdentity\iUdemy.Secure.NET.Microservices.IdentityServer4\IdentityServer\IdentityServer.csproj", "{0BB956FF-CCFA-4AE4-9E21-2467620F2826}"
EndProject
Project("{9A19103F-16F7-4668-BE54-9A1E7A4F7556}") = "Movies.Client", "iIdentity\iUdemy.Secure.NET.Microservices.IdentityServer4\Movies.Client\Movies.Client.csproj", "{6069A512-3687-4E53-8DA7-90579E6C0A8C}"
EndProject
Project("{9A19103F-16F7-4668-BE54-9A1E7A4F7556}") = "ApiGateway", "iIdentity\iUdemy.Secure.NET.Microservices.IdentityServer4\ApiGateway\ApiGateway.csproj", "{A323B7A3-F406-4C85-82E9-9D702B375E3C}"
EndProject
Project("{2150E333-8FDC-42A3-9474-1A3956D46DE8}") = "S02E04.FirstMVCApp", "S02E04.FirstMVCApp", "{983A3918-DA42-40AF-B154-367861F02EB9}"
EndProject
Project("{9A19103F-16F7-4668-BE54-9A1E7A4F7556}") = "S02E04.FirstMVCApp", "Udemy.ASP.NETCore6.MVC.Blazor.Razor.EF\S02E04.FirstMVCApp\S02E04.FirstMVCApp.csproj", "{20AF6351-6716-481D-95C9-2526A891C95F}"
EndProject
Project("{2150E333-8FDC-42A3-9474-1A3956D46DE8}") = "S03E03.RazorPizzeria", "S03E03.RazorPizzeria", "{89FCD6E5-36CD-4801-A0F2-2A3B7EEF4C93}"
EndProject
Project("{9A19103F-16F7-4668-BE54-9A1E7A4F7556}") = "S03E03.RazorPizzeria", "Udemy.ASP.NETCore6.MVC.Blazor.Razor.EF\S03E03.RazorPizzeria\S03E03.RazorPizzeria.csproj", "{3D78C1DA-131B-490E-A12C-D39A44D30EE1}"
EndProject
Project("{2150E333-8FDC-42A3-9474-1A3956D46DE8}") = "S04E03.BlazorWebAssemblyApp", "S04E03.BlazorWebAssemblyApp", "{91C49422-82FB-4646-A93E-76C1DE65A1FF}"
EndProject
Project("{9A19103F-16F7-4668-BE54-9A1E7A4F7556}") = "S04E03.BlazorWebAssemblyApp", "Udemy.ASP.NETCore6.MVC.Blazor.Razor.EF\S04E03.BlazorWebAssemblyApp\S04E03.BlazorWebAssemblyApp.csproj", "{71C6DDBF-F66C-4F7E-BA8D-563B1299E20B}"
EndProject
Project("{2150E333-8FDC-42A3-9474-1A3956D46DE8}") = "S04E14.BlazorServerApp.FileUpload", "S04E14.BlazorServerApp.FileUpload", "{E404CABF-DE8E-4D29-8CF6-492BE6358CC1}"
EndProject
Project("{9A19103F-16F7-4668-BE54-9A1E7A4F7556}") = "S04E14.BlazorServerApp.FileUpload", "Udemy.ASP.NETCore6.MVC.Blazor.Razor.EF\S04E14.BlazorServerApp.FileUpload\S04E14.BlazorServerApp.FileUpload.csproj", "{EF5BC140-DAC9-4A16-9F5F-96078B83EE1A}"
EndProject
Project("{2150E333-8FDC-42A3-9474-1A3956D46DE8}") = "S05E02.MVCLibrary", "S05E02.MVCLibrary", "{94AEC5EF-5174-4F24-A1B6-EFC2272804F0}"
EndProject
Project("{FAE04EC0-301F-11D3-BF4B-00C04F79EFBC}") = "S05E02.MVCLibrary", "Udemy.ASP.NETCore6.MVC.Blazor.Razor.EF\S05E02.MVCLibrary\S05E02.MVCLibrary.csproj", "{DE538248-9C3E-4840-8A13-540CE83A5A94}"
EndProject
Global
	GlobalSection(SolutionConfigurationPlatforms) = preSolution
		Debug|Any CPU = Debug|Any CPU
		Release|Any CPU = Release|Any CPU
	EndGlobalSection
	GlobalSection(ProjectConfigurationPlatforms) = postSolution
		{FFFFA322-F10D-4D8A-B48B-D11C3BB35780}.Debug|Any CPU.ActiveCfg = Debug|Any CPU
		{FFFFA322-F10D-4D8A-B48B-D11C3BB35780}.Debug|Any CPU.Build.0 = Debug|Any CPU
		{FFFFA322-F10D-4D8A-B48B-D11C3BB35780}.Release|Any CPU.ActiveCfg = Release|Any CPU
		{FFFFA322-F10D-4D8A-B48B-D11C3BB35780}.Release|Any CPU.Build.0 = Release|Any CPU
		{06A80065-6432-41CD-AB1E-2585D29CBD55}.Debug|Any CPU.ActiveCfg = Debug|Any CPU
		{06A80065-6432-41CD-AB1E-2585D29CBD55}.Debug|Any CPU.Build.0 = Debug|Any CPU
		{06A80065-6432-41CD-AB1E-2585D29CBD55}.Release|Any CPU.ActiveCfg = Release|Any CPU
		{06A80065-6432-41CD-AB1E-2585D29CBD55}.Release|Any CPU.Build.0 = Release|Any CPU
		{3FD18CBD-A841-4F36-85EB-E4737459D945}.Debug|Any CPU.ActiveCfg = Debug|Any CPU
		{3FD18CBD-A841-4F36-85EB-E4737459D945}.Debug|Any CPU.Build.0 = Debug|Any CPU
		{3FD18CBD-A841-4F36-85EB-E4737459D945}.Release|Any CPU.ActiveCfg = Release|Any CPU
		{3FD18CBD-A841-4F36-85EB-E4737459D945}.Release|Any CPU.Build.0 = Release|Any CPU
		{894C3A60-843A-476D-889F-B420759CC809}.Debug|Any CPU.ActiveCfg = Debug|Any CPU
		{894C3A60-843A-476D-889F-B420759CC809}.Debug|Any CPU.Build.0 = Debug|Any CPU
		{894C3A60-843A-476D-889F-B420759CC809}.Release|Any CPU.ActiveCfg = Release|Any CPU
		{894C3A60-843A-476D-889F-B420759CC809}.Release|Any CPU.Build.0 = Release|Any CPU
		{1333F706-DA16-4ED0-A15E-BD05C8FBA478}.Debug|Any CPU.ActiveCfg = Debug|Any CPU
		{1333F706-DA16-4ED0-A15E-BD05C8FBA478}.Debug|Any CPU.Build.0 = Debug|Any CPU
		{1333F706-DA16-4ED0-A15E-BD05C8FBA478}.Release|Any CPU.ActiveCfg = Release|Any CPU
		{1333F706-DA16-4ED0-A15E-BD05C8FBA478}.Release|Any CPU.Build.0 = Release|Any CPU
		{7E6EDD09-F1A3-4D54-927E-982044B2A373}.Debug|Any CPU.ActiveCfg = Debug|Any CPU
		{7E6EDD09-F1A3-4D54-927E-982044B2A373}.Debug|Any CPU.Build.0 = Debug|Any CPU
		{7E6EDD09-F1A3-4D54-927E-982044B2A373}.Release|Any CPU.ActiveCfg = Release|Any CPU
		{7E6EDD09-F1A3-4D54-927E-982044B2A373}.Release|Any CPU.Build.0 = Release|Any CPU
		{7E43D364-9602-4583-9D76-1BCA2D1EDED2}.Debug|Any CPU.ActiveCfg = Debug|Any CPU
		{7E43D364-9602-4583-9D76-1BCA2D1EDED2}.Debug|Any CPU.Build.0 = Debug|Any CPU
		{7E43D364-9602-4583-9D76-1BCA2D1EDED2}.Release|Any CPU.ActiveCfg = Release|Any CPU
		{7E43D364-9602-4583-9D76-1BCA2D1EDED2}.Release|Any CPU.Build.0 = Release|Any CPU
		{75500A40-9323-4A0C-A691-F61CD5A1C620}.Debug|Any CPU.ActiveCfg = Debug|Any CPU
		{75500A40-9323-4A0C-A691-F61CD5A1C620}.Debug|Any CPU.Build.0 = Debug|Any CPU
		{75500A40-9323-4A0C-A691-F61CD5A1C620}.Release|Any CPU.ActiveCfg = Release|Any CPU
		{75500A40-9323-4A0C-A691-F61CD5A1C620}.Release|Any CPU.Build.0 = Release|Any CPU
		{F056962E-7239-4B16-946F-001E7D1AFE30}.Debug|Any CPU.ActiveCfg = Debug|Any CPU
		{F056962E-7239-4B16-946F-001E7D1AFE30}.Debug|Any CPU.Build.0 = Debug|Any CPU
		{F056962E-7239-4B16-946F-001E7D1AFE30}.Release|Any CPU.ActiveCfg = Release|Any CPU
		{F056962E-7239-4B16-946F-001E7D1AFE30}.Release|Any CPU.Build.0 = Release|Any CPU
		{E53973F4-EA32-4447-B67F-60D3C4FC4EB1}.Debug|Any CPU.ActiveCfg = Debug|Any CPU
		{E53973F4-EA32-4447-B67F-60D3C4FC4EB1}.Debug|Any CPU.Build.0 = Debug|Any CPU
		{E53973F4-EA32-4447-B67F-60D3C4FC4EB1}.Release|Any CPU.ActiveCfg = Release|Any CPU
		{E53973F4-EA32-4447-B67F-60D3C4FC4EB1}.Release|Any CPU.Build.0 = Release|Any CPU
		{52FD8A5A-C10A-4C01-8465-5E2ED2C6DD6B}.Debug|Any CPU.ActiveCfg = Debug|Any CPU
		{52FD8A5A-C10A-4C01-8465-5E2ED2C6DD6B}.Debug|Any CPU.Build.0 = Debug|Any CPU
		{52FD8A5A-C10A-4C01-8465-5E2ED2C6DD6B}.Release|Any CPU.ActiveCfg = Release|Any CPU
		{52FD8A5A-C10A-4C01-8465-5E2ED2C6DD6B}.Release|Any CPU.Build.0 = Release|Any CPU
		{DD9B4106-C42D-4E11-9667-99D24F0147F5}.Debug|Any CPU.ActiveCfg = Debug|Any CPU
		{DD9B4106-C42D-4E11-9667-99D24F0147F5}.Debug|Any CPU.Build.0 = Debug|Any CPU
		{DD9B4106-C42D-4E11-9667-99D24F0147F5}.Release|Any CPU.ActiveCfg = Release|Any CPU
		{DD9B4106-C42D-4E11-9667-99D24F0147F5}.Release|Any CPU.Build.0 = Release|Any CPU
		{FF468664-3592-4909-8F92-B35DBBBC26DB}.Debug|Any CPU.ActiveCfg = Debug|Any CPU
		{FF468664-3592-4909-8F92-B35DBBBC26DB}.Debug|Any CPU.Build.0 = Debug|Any CPU
		{FF468664-3592-4909-8F92-B35DBBBC26DB}.Release|Any CPU.ActiveCfg = Release|Any CPU
		{FF468664-3592-4909-8F92-B35DBBBC26DB}.Release|Any CPU.Build.0 = Release|Any CPU
		{E8004F42-3CFF-4227-AEC4-54343ED72C55}.Debug|Any CPU.ActiveCfg = Debug|Any CPU
		{E8004F42-3CFF-4227-AEC4-54343ED72C55}.Debug|Any CPU.Build.0 = Debug|Any CPU
		{E8004F42-3CFF-4227-AEC4-54343ED72C55}.Release|Any CPU.ActiveCfg = Release|Any CPU
		{E8004F42-3CFF-4227-AEC4-54343ED72C55}.Release|Any CPU.Build.0 = Release|Any CPU
		{AE36F0E3-2443-4CDE-9D03-5FA7AC2D9F60}.Debug|Any CPU.ActiveCfg = Debug|Any CPU
		{AE36F0E3-2443-4CDE-9D03-5FA7AC2D9F60}.Debug|Any CPU.Build.0 = Debug|Any CPU
		{AE36F0E3-2443-4CDE-9D03-5FA7AC2D9F60}.Release|Any CPU.ActiveCfg = Release|Any CPU
		{AE36F0E3-2443-4CDE-9D03-5FA7AC2D9F60}.Release|Any CPU.Build.0 = Release|Any CPU
		{A2241B7E-19E2-4CE3-AE75-6F6EA59DCDC3}.Debug|Any CPU.ActiveCfg = Debug|Any CPU
		{A2241B7E-19E2-4CE3-AE75-6F6EA59DCDC3}.Debug|Any CPU.Build.0 = Debug|Any CPU
		{A2241B7E-19E2-4CE3-AE75-6F6EA59DCDC3}.Release|Any CPU.ActiveCfg = Release|Any CPU
		{A2241B7E-19E2-4CE3-AE75-6F6EA59DCDC3}.Release|Any CPU.Build.0 = Release|Any CPU
		{80373FBC-5F64-491E-8A59-4E00D4424C03}.Debug|Any CPU.ActiveCfg = Debug|Any CPU
		{80373FBC-5F64-491E-8A59-4E00D4424C03}.Debug|Any CPU.Build.0 = Debug|Any CPU
		{80373FBC-5F64-491E-8A59-4E00D4424C03}.Release|Any CPU.ActiveCfg = Release|Any CPU
		{80373FBC-5F64-491E-8A59-4E00D4424C03}.Release|Any CPU.Build.0 = Release|Any CPU
		{39E15F61-1BDC-493A-B338-8B67B1CBB679}.Debug|Any CPU.ActiveCfg = Debug|Any CPU
		{39E15F61-1BDC-493A-B338-8B67B1CBB679}.Debug|Any CPU.Build.0 = Debug|Any CPU
		{39E15F61-1BDC-493A-B338-8B67B1CBB679}.Release|Any CPU.ActiveCfg = Release|Any CPU
		{39E15F61-1BDC-493A-B338-8B67B1CBB679}.Release|Any CPU.Build.0 = Release|Any CPU
		{0BB956FF-CCFA-4AE4-9E21-2467620F2826}.Debug|Any CPU.ActiveCfg = Debug|Any CPU
		{0BB956FF-CCFA-4AE4-9E21-2467620F2826}.Debug|Any CPU.Build.0 = Debug|Any CPU
		{0BB956FF-CCFA-4AE4-9E21-2467620F2826}.Release|Any CPU.ActiveCfg = Release|Any CPU
		{0BB956FF-CCFA-4AE4-9E21-2467620F2826}.Release|Any CPU.Build.0 = Release|Any CPU
		{6069A512-3687-4E53-8DA7-90579E6C0A8C}.Debug|Any CPU.ActiveCfg = Debug|Any CPU
		{6069A512-3687-4E53-8DA7-90579E6C0A8C}.Debug|Any CPU.Build.0 = Debug|Any CPU
		{6069A512-3687-4E53-8DA7-90579E6C0A8C}.Release|Any CPU.ActiveCfg = Release|Any CPU
		{6069A512-3687-4E53-8DA7-90579E6C0A8C}.Release|Any CPU.Build.0 = Release|Any CPU
		{A323B7A3-F406-4C85-82E9-9D702B375E3C}.Debug|Any CPU.ActiveCfg = Debug|Any CPU
		{A323B7A3-F406-4C85-82E9-9D702B375E3C}.Debug|Any CPU.Build.0 = Debug|Any CPU
		{A323B7A3-F406-4C85-82E9-9D702B375E3C}.Release|Any CPU.ActiveCfg = Release|Any CPU
		{A323B7A3-F406-4C85-82E9-9D702B375E3C}.Release|Any CPU.Build.0 = Release|Any CPU
		{20AF6351-6716-481D-95C9-2526A891C95F}.Debug|Any CPU.ActiveCfg = Debug|Any CPU
		{20AF6351-6716-481D-95C9-2526A891C95F}.Debug|Any CPU.Build.0 = Debug|Any CPU
		{20AF6351-6716-481D-95C9-2526A891C95F}.Release|Any CPU.ActiveCfg = Release|Any CPU
		{20AF6351-6716-481D-95C9-2526A891C95F}.Release|Any CPU.Build.0 = Release|Any CPU
		{3D78C1DA-131B-490E-A12C-D39A44D30EE1}.Debug|Any CPU.ActiveCfg = Debug|Any CPU
		{3D78C1DA-131B-490E-A12C-D39A44D30EE1}.Debug|Any CPU.Build.0 = Debug|Any CPU
		{3D78C1DA-131B-490E-A12C-D39A44D30EE1}.Release|Any CPU.ActiveCfg = Release|Any CPU
		{3D78C1DA-131B-490E-A12C-D39A44D30EE1}.Release|Any CPU.Build.0 = Release|Any CPU
		{71C6DDBF-F66C-4F7E-BA8D-563B1299E20B}.Debug|Any CPU.ActiveCfg = Debug|Any CPU
		{71C6DDBF-F66C-4F7E-BA8D-563B1299E20B}.Debug|Any CPU.Build.0 = Debug|Any CPU
		{71C6DDBF-F66C-4F7E-BA8D-563B1299E20B}.Release|Any CPU.ActiveCfg = Release|Any CPU
		{71C6DDBF-F66C-4F7E-BA8D-563B1299E20B}.Release|Any CPU.Build.0 = Release|Any CPU
		{EF5BC140-DAC9-4A16-9F5F-96078B83EE1A}.Debug|Any CPU.ActiveCfg = Debug|Any CPU
		{EF5BC140-DAC9-4A16-9F5F-96078B83EE1A}.Debug|Any CPU.Build.0 = Debug|Any CPU
		{EF5BC140-DAC9-4A16-9F5F-96078B83EE1A}.Release|Any CPU.ActiveCfg = Release|Any CPU
		{EF5BC140-DAC9-4A16-9F5F-96078B83EE1A}.Release|Any CPU.Build.0 = Release|Any CPU
		{DE538248-9C3E-4840-8A13-540CE83A5A94}.Debug|Any CPU.ActiveCfg = Debug|Any CPU
		{DE538248-9C3E-4840-8A13-540CE83A5A94}.Debug|Any CPU.Build.0 = Debug|Any CPU
		{DE538248-9C3E-4840-8A13-540CE83A5A94}.Release|Any CPU.ActiveCfg = Release|Any CPU
		{DE538248-9C3E-4840-8A13-540CE83A5A94}.Release|Any CPU.Build.0 = Release|Any CPU
	EndGlobalSection
	GlobalSection(SolutionProperties) = preSolution
		HideSolutionNode = FALSE
	EndGlobalSection
	GlobalSection(NestedProjects) = preSolution
		{C50A5BAE-F3BA-4481-A8A9-60877F3CF40B} = {029EC8B8-6977-48C4-8DBA-1482C427078E}
		{C15A7629-7A27-4B3C-B645-43C2C3B4C028} = {029EC8B8-6977-48C4-8DBA-1482C427078E}
		{FB12F17B-D577-4DB4-9170-7B1C07C7FE47} = {029EC8B8-6977-48C4-8DBA-1482C427078E}
		{FFFFA322-F10D-4D8A-B48B-D11C3BB35780} = {C50A5BAE-F3BA-4481-A8A9-60877F3CF40B}
		{06A80065-6432-41CD-AB1E-2585D29CBD55} = {C15A7629-7A27-4B3C-B645-43C2C3B4C028}
		{3FD18CBD-A841-4F36-85EB-E4737459D945} = {FB12F17B-D577-4DB4-9170-7B1C07C7FE47}
		{894C3A60-843A-476D-889F-B420759CC809} = {FB12F17B-D577-4DB4-9170-7B1C07C7FE47}
		{1333F706-DA16-4ED0-A15E-BD05C8FBA478} = {FB12F17B-D577-4DB4-9170-7B1C07C7FE47}
		{7E6EDD09-F1A3-4D54-927E-982044B2A373} = {FB12F17B-D577-4DB4-9170-7B1C07C7FE47}
		{8182EDCB-A81B-4BC0-B721-7409467C8DE3} = {B9DC976C-85F0-4F3C-8164-346688E53519}
		{6FC27039-263C-4D7F-B456-327488F9C190} = {8182EDCB-A81B-4BC0-B721-7409467C8DE3}
		{7E43D364-9602-4583-9D76-1BCA2D1EDED2} = {6FC27039-263C-4D7F-B456-327488F9C190}
		{ED556648-56C1-42DD-B188-E31667053E44} = {8182EDCB-A81B-4BC0-B721-7409467C8DE3}
		{75500A40-9323-4A0C-A691-F61CD5A1C620} = {ED556648-56C1-42DD-B188-E31667053E44}
		{2316D7A9-3EC0-4484-B16F-318A46E6B0DF} = {8182EDCB-A81B-4BC0-B721-7409467C8DE3}
		{F056962E-7239-4B16-946F-001E7D1AFE30} = {2316D7A9-3EC0-4484-B16F-318A46E6B0DF}
		{E53973F4-EA32-4447-B67F-60D3C4FC4EB1} = {2316D7A9-3EC0-4484-B16F-318A46E6B0DF}
		{A5D7D178-7EA1-4181-AF98-3914AE9A012D} = {8182EDCB-A81B-4BC0-B721-7409467C8DE3}
		{52FD8A5A-C10A-4C01-8465-5E2ED2C6DD6B} = {A5D7D178-7EA1-4181-AF98-3914AE9A012D}
		{5C059152-D3B5-4B67-BE40-4DEA7B6C6100} = {8182EDCB-A81B-4BC0-B721-7409467C8DE3}
		{DD9B4106-C42D-4E11-9667-99D24F0147F5} = {5C059152-D3B5-4B67-BE40-4DEA7B6C6100}
		{FF468664-3592-4909-8F92-B35DBBBC26DB} = {5C059152-D3B5-4B67-BE40-4DEA7B6C6100}
		{F4CEF423-A5E9-4FDB-90E9-503F3C905CA5} = {8182EDCB-A81B-4BC0-B721-7409467C8DE3}
		{E8004F42-3CFF-4227-AEC4-54343ED72C55} = {F4CEF423-A5E9-4FDB-90E9-503F3C905CA5}
		{09E8E431-90A6-42A4-9FBE-AA79D11D0AD8} = {4660C095-B1E8-4508-AAE0-A3A23A0C55FA}
		{AE36F0E3-2443-4CDE-9D03-5FA7AC2D9F60} = {09E8E431-90A6-42A4-9FBE-AA79D11D0AD8}
		{CD083C2A-275B-497B-8032-D338385F98A0} = {4660C095-B1E8-4508-AAE0-A3A23A0C55FA}
		{A2241B7E-19E2-4CE3-AE75-6F6EA59DCDC3} = {CD083C2A-275B-497B-8032-D338385F98A0}
		{5085559C-0C83-43EB-BEAC-E078D408E5F9} = {4660C095-B1E8-4508-AAE0-A3A23A0C55FA}
		{80373FBC-5F64-491E-8A59-4E00D4424C03} = {5085559C-0C83-43EB-BEAC-E078D408E5F9}
		{90E4AC61-F1E0-4DE0-9D0C-A2FE91E11408} = {029EC8B8-6977-48C4-8DBA-1482C427078E}
		{39E15F61-1BDC-493A-B338-8B67B1CBB679} = {90E4AC61-F1E0-4DE0-9D0C-A2FE91E11408}
		{0BB956FF-CCFA-4AE4-9E21-2467620F2826} = {90E4AC61-F1E0-4DE0-9D0C-A2FE91E11408}
		{6069A512-3687-4E53-8DA7-90579E6C0A8C} = {90E4AC61-F1E0-4DE0-9D0C-A2FE91E11408}
		{A323B7A3-F406-4C85-82E9-9D702B375E3C} = {90E4AC61-F1E0-4DE0-9D0C-A2FE91E11408}
		{983A3918-DA42-40AF-B154-367861F02EB9} = {4660C095-B1E8-4508-AAE0-A3A23A0C55FA}
		{20AF6351-6716-481D-95C9-2526A891C95F} = {983A3918-DA42-40AF-B154-367861F02EB9}
		{89FCD6E5-36CD-4801-A0F2-2A3B7EEF4C93} = {4660C095-B1E8-4508-AAE0-A3A23A0C55FA}
		{3D78C1DA-131B-490E-A12C-D39A44D30EE1} = {89FCD6E5-36CD-4801-A0F2-2A3B7EEF4C93}
		{91C49422-82FB-4646-A93E-76C1DE65A1FF} = {4660C095-B1E8-4508-AAE0-A3A23A0C55FA}
		{71C6DDBF-F66C-4F7E-BA8D-563B1299E20B} = {91C49422-82FB-4646-A93E-76C1DE65A1FF}
		{E404CABF-DE8E-4D29-8CF6-492BE6358CC1} = {4660C095-B1E8-4508-AAE0-A3A23A0C55FA}
		{EF5BC140-DAC9-4A16-9F5F-96078B83EE1A} = {E404CABF-DE8E-4D29-8CF6-492BE6358CC1}
		{94AEC5EF-5174-4F24-A1B6-EFC2272804F0} = {4660C095-B1E8-4508-AAE0-A3A23A0C55FA}
		{DE538248-9C3E-4840-8A13-540CE83A5A94} = {94AEC5EF-5174-4F24-A1B6-EFC2272804F0}
	EndGlobalSection
	GlobalSection(ExtensibilityGlobals) = postSolution
		SolutionGuid = {A51A9635-0A34-4105-8459-2D9ACE97873A}
	EndGlobalSection
EndGlobal
