
Microsoft Visual Studio Solution File, Format Version 12.00
# Visual Studio Version 17
VisualStudioVersion = 17.1.32421.90
MinimumVisualStudioVersion = 10.0.40219.1
Project("{2150E333-8FDC-42A3-9474-1A3956D46DE8}") = "MVCLibrary", "MVCLibrary", "{60B6C33A-7854-4DC1-A287-0FEE671C3271}"
EndProject
Project("{9A19103F-16F7-4668-BE54-9A1E7A4F7556}") = "MVCLibrary", "MVCLibrary\MVCLibrary\MVCLibrary.csproj", "{599F1F80-3A24-4AD9-BE37-F89CAC7FDF79}"
EndProject
Project("{2150E333-8FDC-42A3-9474-1A3956D46DE8}") = "WebAPI", "WebAPI", "{9C6789F5-3946-458E-A92F-610632EDA537}"
EndProject
Project("{9A19103F-16F7-4668-BE54-9A1E7A4F7556}") = "WebAPI", "WebAPI\WebAPI\WebAPI.csproj", "{F7D65ACD-F302-439A-9F46-409159A56590}"
EndProject
Project("{2150E333-8FDC-42A3-9474-1A3956D46DE8}") = "MinimalShoppingListAPI", "MinimalShoppingListAPI", "{D46F2003-E4BE-4F1F-A9A8-76D92BA576F4}"
EndProject
Project("{9A19103F-16F7-4668-BE54-9A1E7A4F7556}") = "MinimalShoppingListAPI", "MinimalShoppingListAPI\MinimalShoppingListAPI\MinimalShoppingListAPI.csproj", "{1FC02CE3-431B-42B7-9E1D-FE66BD3836E0}"
EndProject
Project("{2150E333-8FDC-42A3-9474-1A3956D46DE8}") = "IdentityApp", "IdentityApp", "{49E77DC6-D840-4EDF-BC06-91FF4DB83D72}"
EndProject
Project("{9A19103F-16F7-4668-BE54-9A1E7A4F7556}") = "IdentityApp", "IdentityApp\IdentityApp\IdentityApp.csproj", "{379F4E6D-AC86-4A0C-8C17-5A2A68115223}"
EndProject
Project("{2150E333-8FDC-42A3-9474-1A3956D46DE8}") = "iIdentity", "iIdentity", "{029EC8B8-6977-48C4-8DBA-1482C427078E}"
EndProject
Project("{2150E333-8FDC-42A3-9474-1A3956D46DE8}") = "S22E01", "S22E01", "{C50A5BAE-F3BA-4481-A8A9-60877F3CF40B}"
EndProject
Project("{2150E333-8FDC-42A3-9474-1A3956D46DE8}") = "S23E06", "S23E06", "{C15A7629-7A27-4B3C-B645-43C2C3B4C028}"
EndProject
Project("{2150E333-8FDC-42A3-9474-1A3956D46DE8}") = "S24E19", "S24E19", "{FB12F17B-D577-4DB4-9170-7B1C07C7FE47}"
EndProject
Project("{9A19103F-16F7-4668-BE54-9A1E7A4F7556}") = "iIdentity.S22E01.Samples.MVC", "iIdentity\S22E01\iIdentity.S22E01.Samples.MVC\iIdentity.S22E01.Samples.MVC.csproj", "{FFFFA322-F10D-4D8A-B48B-D11C3BB35780}"
EndProject
Project("{9A19103F-16F7-4668-BE54-9A1E7A4F7556}") = "iIdentity.S23E06.AuthNAuthZ", "iIdentity\S23E06\iIdentity.S23E06.AuthNAuthZ\iIdentity.S23E06.AuthNAuthZ.csproj", "{06A80065-6432-41CD-AB1E-2585D29CBD55}"
EndProject
Project("{9A19103F-16F7-4668-BE54-9A1E7A4F7556}") = "iIdentity.S24E19.FirstAPI", "iIdentity\S24E19\iIdentity.S24E19.FirstAPI\iIdentity.S24E19.FirstAPI.csproj", "{3FD18CBD-A841-4F36-85EB-E4737459D945}"
EndProject
Project("{9A19103F-16F7-4668-BE54-9A1E7A4F7556}") = "iIdentity.S24E19.FirstClient", "iIdentity\S24E19\iIdentity.S24E19.FirstClient\iIdentity.S24E19.FirstClient.csproj", "{894C3A60-843A-476D-889F-B420759CC809}"
EndProject
Project("{9A19103F-16F7-4668-BE54-9A1E7A4F7556}") = "iIdentity.S24E19.IdentityServer", "iIdentity\S24E19\iIdentity.S24E19.IdentityServer\iIdentity.S24E19.IdentityServer.csproj", "{1333F706-DA16-4ED0-A15E-BD05C8FBA478}"
EndProject
Project("{9A19103F-16F7-4668-BE54-9A1E7A4F7556}") = "iIdentity.S24E19.MvcClient", "iIdentity\S24E19\iIdentity.S24E19.MvcClient\iIdentity.S24E19.MvcClient.csproj", "{7E6EDD09-F1A3-4D54-927E-982044B2A373}"
EndProject
Global
	GlobalSection(SolutionConfigurationPlatforms) = preSolution
		Debug|Any CPU = Debug|Any CPU
		Release|Any CPU = Release|Any CPU
	EndGlobalSection
	GlobalSection(ProjectConfigurationPlatforms) = postSolution
		{599F1F80-3A24-4AD9-BE37-F89CAC7FDF79}.Debug|Any CPU.ActiveCfg = Debug|Any CPU
		{599F1F80-3A24-4AD9-BE37-F89CAC7FDF79}.Debug|Any CPU.Build.0 = Debug|Any CPU
		{599F1F80-3A24-4AD9-BE37-F89CAC7FDF79}.Release|Any CPU.ActiveCfg = Release|Any CPU
		{599F1F80-3A24-4AD9-BE37-F89CAC7FDF79}.Release|Any CPU.Build.0 = Release|Any CPU
		{F7D65ACD-F302-439A-9F46-409159A56590}.Debug|Any CPU.ActiveCfg = Debug|Any CPU
		{F7D65ACD-F302-439A-9F46-409159A56590}.Debug|Any CPU.Build.0 = Debug|Any CPU
		{F7D65ACD-F302-439A-9F46-409159A56590}.Release|Any CPU.ActiveCfg = Release|Any CPU
		{F7D65ACD-F302-439A-9F46-409159A56590}.Release|Any CPU.Build.0 = Release|Any CPU
		{1FC02CE3-431B-42B7-9E1D-FE66BD3836E0}.Debug|Any CPU.ActiveCfg = Debug|Any CPU
		{1FC02CE3-431B-42B7-9E1D-FE66BD3836E0}.Debug|Any CPU.Build.0 = Debug|Any CPU
		{1FC02CE3-431B-42B7-9E1D-FE66BD3836E0}.Release|Any CPU.ActiveCfg = Release|Any CPU
		{1FC02CE3-431B-42B7-9E1D-FE66BD3836E0}.Release|Any CPU.Build.0 = Release|Any CPU
		{379F4E6D-AC86-4A0C-8C17-5A2A68115223}.Debug|Any CPU.ActiveCfg = Debug|Any CPU
		{379F4E6D-AC86-4A0C-8C17-5A2A68115223}.Debug|Any CPU.Build.0 = Debug|Any CPU
		{379F4E6D-AC86-4A0C-8C17-5A2A68115223}.Release|Any CPU.ActiveCfg = Release|Any CPU
		{379F4E6D-AC86-4A0C-8C17-5A2A68115223}.Release|Any CPU.Build.0 = Release|Any CPU
		{FFFFA322-F10D-4D8A-B48B-D11C3BB35780}.Debug|Any CPU.ActiveCfg = Debug|Any CPU
		{FFFFA322-F10D-4D8A-B48B-D11C3BB35780}.Debug|Any CPU.Build.0 = Debug|Any CPU
		{FFFFA322-F10D-4D8A-B48B-D11C3BB35780}.Release|Any CPU.ActiveCfg = Release|Any CPU
		{FFFFA322-F10D-4D8A-B48B-D11C3BB35780}.Release|Any CPU.Build.0 = Release|Any CPU
		{06A80065-6432-41CD-AB1E-2585D29CBD55}.Debug|Any CPU.ActiveCfg = Debug|Any CPU
		{06A80065-6432-41CD-AB1E-2585D29CBD55}.Debug|Any CPU.Build.0 = Debug|Any CPU
		{06A80065-6432-41CD-AB1E-2585D29CBD55}.Release|Any CPU.ActiveCfg = Release|Any CPU
		{06A80065-6432-41CD-AB1E-2585D29CBD55}.Release|Any CPU.Build.0 = Release|Any CPU
		{3FD18CBD-A841-4F36-85EB-E4737459D945}.Debug|Any CPU.ActiveCfg = Debug|Any CPU
		{3FD18CBD-A841-4F36-85EB-E4737459D945}.Debug|Any CPU.Build.0 = Debug|Any CPU
		{3FD18CBD-A841-4F36-85EB-E4737459D945}.Release|Any CPU.ActiveCfg = Release|Any CPU
		{3FD18CBD-A841-4F36-85EB-E4737459D945}.Release|Any CPU.Build.0 = Release|Any CPU
		{894C3A60-843A-476D-889F-B420759CC809}.Debug|Any CPU.ActiveCfg = Debug|Any CPU
		{894C3A60-843A-476D-889F-B420759CC809}.Debug|Any CPU.Build.0 = Debug|Any CPU
		{894C3A60-843A-476D-889F-B420759CC809}.Release|Any CPU.ActiveCfg = Release|Any CPU
		{894C3A60-843A-476D-889F-B420759CC809}.Release|Any CPU.Build.0 = Release|Any CPU
		{1333F706-DA16-4ED0-A15E-BD05C8FBA478}.Debug|Any CPU.ActiveCfg = Debug|Any CPU
		{1333F706-DA16-4ED0-A15E-BD05C8FBA478}.Debug|Any CPU.Build.0 = Debug|Any CPU
		{1333F706-DA16-4ED0-A15E-BD05C8FBA478}.Release|Any CPU.ActiveCfg = Release|Any CPU
		{1333F706-DA16-4ED0-A15E-BD05C8FBA478}.Release|Any CPU.Build.0 = Release|Any CPU
		{7E6EDD09-F1A3-4D54-927E-982044B2A373}.Debug|Any CPU.ActiveCfg = Debug|Any CPU
		{7E6EDD09-F1A3-4D54-927E-982044B2A373}.Debug|Any CPU.Build.0 = Debug|Any CPU
		{7E6EDD09-F1A3-4D54-927E-982044B2A373}.Release|Any CPU.ActiveCfg = Release|Any CPU
		{7E6EDD09-F1A3-4D54-927E-982044B2A373}.Release|Any CPU.Build.0 = Release|Any CPU
	EndGlobalSection
	GlobalSection(SolutionProperties) = preSolution
		HideSolutionNode = FALSE
	EndGlobalSection
	GlobalSection(NestedProjects) = preSolution
		{599F1F80-3A24-4AD9-BE37-F89CAC7FDF79} = {60B6C33A-7854-4DC1-A287-0FEE671C3271}
		{F7D65ACD-F302-439A-9F46-409159A56590} = {9C6789F5-3946-458E-A92F-610632EDA537}
		{1FC02CE3-431B-42B7-9E1D-FE66BD3836E0} = {D46F2003-E4BE-4F1F-A9A8-76D92BA576F4}
		{379F4E6D-AC86-4A0C-8C17-5A2A68115223} = {49E77DC6-D840-4EDF-BC06-91FF4DB83D72}
		{C50A5BAE-F3BA-4481-A8A9-60877F3CF40B} = {029EC8B8-6977-48C4-8DBA-1482C427078E}
		{C15A7629-7A27-4B3C-B645-43C2C3B4C028} = {029EC8B8-6977-48C4-8DBA-1482C427078E}
		{FB12F17B-D577-4DB4-9170-7B1C07C7FE47} = {029EC8B8-6977-48C4-8DBA-1482C427078E}
		{FFFFA322-F10D-4D8A-B48B-D11C3BB35780} = {C50A5BAE-F3BA-4481-A8A9-60877F3CF40B}
		{06A80065-6432-41CD-AB1E-2585D29CBD55} = {C15A7629-7A27-4B3C-B645-43C2C3B4C028}
		{3FD18CBD-A841-4F36-85EB-E4737459D945} = {FB12F17B-D577-4DB4-9170-7B1C07C7FE47}
		{894C3A60-843A-476D-889F-B420759CC809} = {FB12F17B-D577-4DB4-9170-7B1C07C7FE47}
		{1333F706-DA16-4ED0-A15E-BD05C8FBA478} = {FB12F17B-D577-4DB4-9170-7B1C07C7FE47}
		{7E6EDD09-F1A3-4D54-927E-982044B2A373} = {FB12F17B-D577-4DB4-9170-7B1C07C7FE47}
	EndGlobalSection
	GlobalSection(ExtensibilityGlobals) = postSolution
		SolutionGuid = {A51A9635-0A34-4105-8459-2D9ACE97873A}
	EndGlobalSection
EndGlobal
