
Microsoft Visual Studio Solution File, Format Version 12.00
# Visual Studio Version 17
VisualStudioVersion = 17.1.32421.90
MinimumVisualStudioVersion = 10.0.40219.1
Project("{2150E333-8FDC-42A3-9474-1A3956D46DE8}") = "MVCLibrary", "MVCLibrary", "{60B6C33A-7854-4DC1-A287-0FEE671C3271}"
EndProject
Project("{FAE04EC0-301F-11D3-BF4B-00C04F79EFBC}") = "MVCLibrary", "MVCLibrary\MVCLibrary\MVCLibrary.csproj", "{599F1F80-3A24-4AD9-BE37-F89CAC7FDF79}"
EndProject
Global
	GlobalSection(SolutionConfigurationPlatforms) = preSolution
		Debug|Any CPU = Debug|Any CPU
		Release|Any CPU = Release|Any CPU
	EndGlobalSection
	GlobalSection(ProjectConfigurationPlatforms) = postSolution
		{599F1F80-3A24-4AD9-BE37-F89CAC7FDF79}.Debug|Any CPU.ActiveCfg = Debug|Any CPU
		{599F1F80-3A24-4AD9-BE37-F89CAC7FDF79}.Debug|Any CPU.Build.0 = Debug|Any CPU
		{599F1F80-3A24-4AD9-BE37-F89CAC7FDF79}.Release|Any CPU.ActiveCfg = Release|Any CPU
		{599F1F80-3A24-4AD9-BE37-F89CAC7FDF79}.Release|Any CPU.Build.0 = Release|Any CPU
	EndGlobalSection
	GlobalSection(SolutionProperties) = preSolution
		HideSolutionNode = FALSE
	EndGlobalSection
	GlobalSection(NestedProjects) = preSolution
		{599F1F80-3A24-4AD9-BE37-F89CAC7FDF79} = {60B6C33A-7854-4DC1-A287-0FEE671C3271}
	EndGlobalSection
	GlobalSection(ExtensibilityGlobals) = postSolution
		SolutionGuid = {A51A9635-0A34-4105-8459-2D9ACE97873A}
	EndGlobalSection
EndGlobal
